
Microsoft Visual Studio Solution File, Format Version 12.00
# Visual Studio Version 17
VisualStudioVersion = 17.4.33205.214
MinimumVisualStudioVersion = 10.0.40219.1
Project("{FAE04EC0-301F-11D3-BF4B-00C04F79EFBC}") = "CarParser", "CarParser\CarParser.csproj", "{B906D29B-94C1-4DF9-B7FA-8E59DEA45334}"
EndProject
Global
	GlobalSection(SolutionConfigurationPlatforms) = preSolution
		Debug|Any CPU = Debug|Any CPU
		Release|Any CPU = Release|Any CPU
	EndGlobalSection
	GlobalSection(ProjectConfigurationPlatforms) = postSolution
		{B906D29B-94C1-4DF9-B7FA-8E59DEA45334}.Debug|Any CPU.ActiveCfg = Debug|Any CPU
		{B906D29B-94C1-4DF9-B7FA-8E59DEA45334}.Debug|Any CPU.Build.0 = Debug|Any CPU
		{B906D29B-94C1-4DF9-B7FA-8E59DEA45334}.Release|Any CPU.ActiveCfg = Release|Any CPU
		{B906D29B-94C1-4DF9-B7FA-8E59DEA45334}.Release|Any CPU.Build.0 = Release|Any CPU
	EndGlobalSection
	GlobalSection(SolutionProperties) = preSolution
		HideSolutionNode = FALSE
	EndGlobalSection
	GlobalSection(ExtensibilityGlobals) = postSolution
		SolutionGuid = {CB2860D7-6771-44CA-9B7E-FDB111C25E54}
	EndGlobalSection
EndGlobal
